
Microsoft Visual Studio Solution File, Format Version 12.00
# Visual Studio 15
VisualStudioVersion = 15.0.27703.2042
MinimumVisualStudioVersion = 10.0.40219.1
Project("{888888A0-9F3D-457C-B088-3A5042F75D52}") = "PY_2018.08.05", "PY_2018.08.05\PY_2018.08.05.pyproj", "{0755436B-5FC8-481F-ADB9-F85B93117617}"
EndProject
Global
	GlobalSection(SolutionConfigurationPlatforms) = preSolution
		Debug|Any CPU = Debug|Any CPU
		Release|Any CPU = Release|Any CPU
	EndGlobalSection
	GlobalSection(ProjectConfigurationPlatforms) = postSolution
		{0755436B-5FC8-481F-ADB9-F85B93117617}.Debug|Any CPU.ActiveCfg = Debug|Any CPU
		{0755436B-5FC8-481F-ADB9-F85B93117617}.Release|Any CPU.ActiveCfg = Release|Any CPU
	EndGlobalSection
	GlobalSection(SolutionProperties) = preSolution
		HideSolutionNode = FALSE
	EndGlobalSection
	GlobalSection(ExtensibilityGlobals) = postSolution
		SolutionGuid = {BD5033F1-F608-4558-8FE6-9F8AB3CB7318}
	EndGlobalSection
EndGlobal
